
Microsoft Visual Studio Solution File, Format Version 12.00
# Visual Studio Version 17
VisualStudioVersion = 17.2.32616.157
MinimumVisualStudioVersion = 10.0.40219.1
Project("{9A19103F-16F7-4668-BE54-9A1E7A4F7556}") = "PL", "PL\PL.csproj", "{91840B06-65D3-4FBD-9BED-4A6C0480899A}"
EndProject
Project("{9A19103F-16F7-4668-BE54-9A1E7A4F7556}") = "ML", "ML\ML.csproj", "{C314CBAB-2348-4F86-9E68-1D0F192701F0}"
EndProject
Project("{9A19103F-16F7-4668-BE54-9A1E7A4F7556}") = "DL", "DL\DL.csproj", "{A52B78BB-AE98-4A6A-BC36-163475473A4D}"
EndProject
Project("{9A19103F-16F7-4668-BE54-9A1E7A4F7556}") = "BL", "BL\BL.csproj", "{4CB1ADC4-CFF0-4DFD-BE41-85B3EDED90B8}"
EndProject
Project("{9A19103F-16F7-4668-BE54-9A1E7A4F7556}") = "PL_C", "PL_C\PL_C.csproj", "{6679F938-1419-48F4-B6F7-A22DD7F9EFE3}"
EndProject
Project("{FAE04EC0-301F-11D3-BF4B-00C04F79EFBC}") = "SL", "SL\SL.csproj", "{4E8EE475-1436-426F-A300-C8D2A2649455}"
EndProject
Global
	GlobalSection(SolutionConfigurationPlatforms) = preSolution
		Debug|Any CPU = Debug|Any CPU
		Release|Any CPU = Release|Any CPU
	EndGlobalSection
	GlobalSection(ProjectConfigurationPlatforms) = postSolution
		{91840B06-65D3-4FBD-9BED-4A6C0480899A}.Debug|Any CPU.ActiveCfg = Debug|Any CPU
		{91840B06-65D3-4FBD-9BED-4A6C0480899A}.Debug|Any CPU.Build.0 = Debug|Any CPU
		{91840B06-65D3-4FBD-9BED-4A6C0480899A}.Release|Any CPU.ActiveCfg = Release|Any CPU
		{91840B06-65D3-4FBD-9BED-4A6C0480899A}.Release|Any CPU.Build.0 = Release|Any CPU
		{C314CBAB-2348-4F86-9E68-1D0F192701F0}.Debug|Any CPU.ActiveCfg = Debug|Any CPU
		{C314CBAB-2348-4F86-9E68-1D0F192701F0}.Debug|Any CPU.Build.0 = Debug|Any CPU
		{C314CBAB-2348-4F86-9E68-1D0F192701F0}.Release|Any CPU.ActiveCfg = Release|Any CPU
		{C314CBAB-2348-4F86-9E68-1D0F192701F0}.Release|Any CPU.Build.0 = Release|Any CPU
		{A52B78BB-AE98-4A6A-BC36-163475473A4D}.Debug|Any CPU.ActiveCfg = Debug|Any CPU
		{A52B78BB-AE98-4A6A-BC36-163475473A4D}.Debug|Any CPU.Build.0 = Debug|Any CPU
		{A52B78BB-AE98-4A6A-BC36-163475473A4D}.Release|Any CPU.ActiveCfg = Release|Any CPU
		{A52B78BB-AE98-4A6A-BC36-163475473A4D}.Release|Any CPU.Build.0 = Release|Any CPU
		{4CB1ADC4-CFF0-4DFD-BE41-85B3EDED90B8}.Debug|Any CPU.ActiveCfg = Debug|Any CPU
		{4CB1ADC4-CFF0-4DFD-BE41-85B3EDED90B8}.Debug|Any CPU.Build.0 = Debug|Any CPU
		{4CB1ADC4-CFF0-4DFD-BE41-85B3EDED90B8}.Release|Any CPU.ActiveCfg = Release|Any CPU
		{4CB1ADC4-CFF0-4DFD-BE41-85B3EDED90B8}.Release|Any CPU.Build.0 = Release|Any CPU
		{6679F938-1419-48F4-B6F7-A22DD7F9EFE3}.Debug|Any CPU.ActiveCfg = Debug|Any CPU
		{6679F938-1419-48F4-B6F7-A22DD7F9EFE3}.Debug|Any CPU.Build.0 = Debug|Any CPU
		{6679F938-1419-48F4-B6F7-A22DD7F9EFE3}.Release|Any CPU.ActiveCfg = Release|Any CPU
		{6679F938-1419-48F4-B6F7-A22DD7F9EFE3}.Release|Any CPU.Build.0 = Release|Any CPU
		{4E8EE475-1436-426F-A300-C8D2A2649455}.Debug|Any CPU.ActiveCfg = Debug|Any CPU
		{4E8EE475-1436-426F-A300-C8D2A2649455}.Debug|Any CPU.Build.0 = Debug|Any CPU
		{4E8EE475-1436-426F-A300-C8D2A2649455}.Release|Any CPU.ActiveCfg = Release|Any CPU
		{4E8EE475-1436-426F-A300-C8D2A2649455}.Release|Any CPU.Build.0 = Release|Any CPU
	EndGlobalSection
	GlobalSection(SolutionProperties) = preSolution
		HideSolutionNode = FALSE
	EndGlobalSection
	GlobalSection(ExtensibilityGlobals) = postSolution
		SolutionGuid = {CE7A77DC-2C73-4D9F-B14B-91AC9BDA37B4}
	EndGlobalSection
EndGlobal
